<?xml version="1.0" encoding="utf-8"?>
<Project ToolsVersion="4.0" xmlns="http://schemas.microsoft.com/developer/msbuild/2003">
  <ItemGroup>
    <Filter Include="Source Files">
      <UniqueIdentifier>{4FC737F1-C7A5-4376-A066-2A32D752A2FF}</UniqueIdentifier>
      <Extensions>cpp;c;cc;cxx;def;odl;idl;hpj;bat;asm;asmx</Extensions>
    </Filter>
    <Filter Include="Header Files">
      <UniqueIdentifier>{93995380-89BD-4b04-88EB-625FBE52EBFB}</UniqueIdentifier>
      <Extensions>h;hh;hpp;hxx;hm;inl;inc;xsd</Extensions>
    </Filter>
    <Filter Include="Resource Files">
      <UniqueIdentifier>{67DA6AB6-F800-4c08-8B7A-83BB121AAD01}</UniqueIdentifier>
      <Extensions>rc;ico;cur;bmp;dlg;rc2;rct;bin;rgs;gif;jpg;jpeg;jpe;resx;tiff;tif;png;wav;mfcribbon-ms</Extensions>
    </Filter>
    <Filter Include="Header Files\shaders">
      <UniqueIdentifier>{91b9e0e8-0576-4dab-946a-0b4b5ea773dd}</UniqueIdentifier>
    </Filter>
    <Filter Include="Header Files\music">
      <UniqueIdentifier>{7e455cc3-75ee-4fd6-a1d3-868f8cbcdcdc}</UniqueIdentifier>
    </Filter>
  </ItemGroup>
  <ItemGroup>
    <ClCompile Include="hal4000.c">
      <Filter>Source Files</Filter>
    </ClCompile>
  </ItemGroup>
  <ItemGroup>
    <ClInclude Include="glext.h">
      <Filter>Header Files</Filter>
    </ClInclude>
    <ClInclude Include="4klang.h">
      <Filter>Header Files\music</Filter>
    </ClInclude>
    <ClInclude Include="hal4000.h">
      <Filter>Header Files\shaders</Filter>
    </ClInclude>
  </ItemGroup>
  <ItemGroup>
    <Object Include="4klang.obj">
      <Filter>Resource Files</Filter>
    </Object>
  </ItemGroup>
  <ItemGroup>
    <CustomBuild Include="hal4000.fs">
      <Filter>Header Files\shaders</Filter>
    </CustomBuild>
    <CustomBuild Include="4klang.asm">
      <Filter>Header Files\music</Filter>
    </CustomBuild>
    <CustomBuild Include="build_final.bat">
      <Filter>Source Files</Filter>
    </CustomBuild>
  </ItemGroup>
  <ItemGroup>
    <None Include="4klang.inc">
      <Filter>Header Files\music</Filter>
    </None>
    <None Include="FILE_ID.DIZ">
      <Filter>Resource Files</Filter>
    </None>
  </ItemGroup>
  <ItemGroup>
    <Text Include="readme.txt">
      <Filter>Resource Files</Filter>
    </Text>
  </ItemGroup>
</Project>